
Microsoft Visual Studio Solution File, Format Version 12.00
# Visual Studio Version 16
VisualStudioVersion = 16.0.31410.357
MinimumVisualStudioVersion = 10.0.40219.1
Project("{FAE04EC0-301F-11D3-BF4B-00C04F79EFBC}") = "TodoApi", "TodoApi\TodoApi.csproj", "{4F5F3EB8-A689-415D-AAF4-ED6B9B40CAA2}"
EndProject
Global
	GlobalSection(SolutionConfigurationPlatforms) = preSolution
		Debug|Any CPU = Debug|Any CPU
		Release|Any CPU = Release|Any CPU
	EndGlobalSection
	GlobalSection(ProjectConfigurationPlatforms) = postSolution
		{4F5F3EB8-A689-415D-AAF4-ED6B9B40CAA2}.Debug|Any CPU.ActiveCfg = Debug|Any CPU
		{4F5F3EB8-A689-415D-AAF4-ED6B9B40CAA2}.Debug|Any CPU.Build.0 = Debug|Any CPU
		{4F5F3EB8-A689-415D-AAF4-ED6B9B40CAA2}.Release|Any CPU.ActiveCfg = Release|Any CPU
		{4F5F3EB8-A689-415D-AAF4-ED6B9B40CAA2}.Release|Any CPU.Build.0 = Release|Any CPU
	EndGlobalSection
	GlobalSection(SolutionProperties) = preSolution
		HideSolutionNode = FALSE
	EndGlobalSection
	GlobalSection(ExtensibilityGlobals) = postSolution
		SolutionGuid = {CD1B4D8A-72B8-4F18-B07C-1595D4411FC0}
	EndGlobalSection
EndGlobal
